
Microsoft Visual Studio Solution File, Format Version 12.00
# Visual Studio Version 16
VisualStudioVersion = 16.0.30621.155
MinimumVisualStudioVersion = 10.0.40219.1
Project("{8BC9CEB8-8B4A-11D0-8D11-00A0C91BC942}") = "Number", "Number\Number.vcxproj", "{E29750CB-6A17-4A63-8868-9EEE62C27413}"
EndProject
Global
	GlobalSection(SolutionConfigurationPlatforms) = preSolution
		Debug|x64 = Debug|x64
		Debug|x86 = Debug|x86
		Release|x64 = Release|x64
		Release|x86 = Release|x86
	EndGlobalSection
	GlobalSection(ProjectConfigurationPlatforms) = postSolution
		{E29750CB-6A17-4A63-8868-9EEE62C27413}.Debug|x64.ActiveCfg = Debug|x64
		{E29750CB-6A17-4A63-8868-9EEE62C27413}.Debug|x64.Build.0 = Debug|x64
		{E29750CB-6A17-4A63-8868-9EEE62C27413}.Debug|x86.ActiveCfg = Debug|Win32
		{E29750CB-6A17-4A63-8868-9EEE62C27413}.Debug|x86.Build.0 = Debug|Win32
		{E29750CB-6A17-4A63-8868-9EEE62C27413}.Release|x64.ActiveCfg = Release|x64
		{E29750CB-6A17-4A63-8868-9EEE62C27413}.Release|x64.Build.0 = Release|x64
		{E29750CB-6A17-4A63-8868-9EEE62C27413}.Release|x86.ActiveCfg = Release|Win32
		{E29750CB-6A17-4A63-8868-9EEE62C27413}.Release|x86.Build.0 = Release|Win32
	EndGlobalSection
	GlobalSection(SolutionProperties) = preSolution
		HideSolutionNode = FALSE
	EndGlobalSection
	GlobalSection(ExtensibilityGlobals) = postSolution
		SolutionGuid = {7A4DF3A5-F5D3-4626-A23C-D31A0D3BD56A}
	EndGlobalSection
EndGlobal
