
Microsoft Visual Studio Solution File, Format Version 12.00
# Visual Studio Version 16
VisualStudioVersion = 16.0.31911.196
MinimumVisualStudioVersion = 10.0.40219.1
Project("{9A19103F-16F7-4668-BE54-9A1E7A4F7556}") = "BracketCheck", "BracketCheck\BracketCheck.csproj", "{49D9A0F4-0BE0-4024-8101-9708287CA7FA}"
EndProject
Project("{9A19103F-16F7-4668-BE54-9A1E7A4F7556}") = "TextEditor", "TextEditor\TextEditor.csproj", "{9896C13E-8A04-4BDA-AABE-DBFC2643E950}"
EndProject
Project("{9A19103F-16F7-4668-BE54-9A1E7A4F7556}") = "TreeDictionary", "Dictionary\TreeDictionary.csproj", "{8CCA1E5A-B92C-4FFA-96CA-5C38A6FE1D43}"
EndProject
Project("{9A19103F-16F7-4668-BE54-9A1E7A4F7556}") = "StructureDictionary", "StructureDictionary\StructureDictionary.csproj", "{B80BC1B4-AE11-4AAA-A5D2-7FE0D888DA31}"
EndProject
Project("{9A19103F-16F7-4668-BE54-9A1E7A4F7556}") = "PriorityQueue", "PriorityQueue\PriorityQueue.csproj", "{840D92A1-9781-48CE-BB13-58C98BD0943D}"
EndProject
Project("{FAE04EC0-301F-11D3-BF4B-00C04F79EFBC}") = "Dijkstra", "Dijkstra\Dijkstra.csproj", "{939C3EBF-C97E-42D8-9D0F-D0B05DA7A180}"
EndProject
Global
	GlobalSection(SolutionConfigurationPlatforms) = preSolution
		Debug|Any CPU = Debug|Any CPU
		Release|Any CPU = Release|Any CPU
	EndGlobalSection
	GlobalSection(ProjectConfigurationPlatforms) = postSolution
		{49D9A0F4-0BE0-4024-8101-9708287CA7FA}.Debug|Any CPU.ActiveCfg = Debug|Any CPU
		{49D9A0F4-0BE0-4024-8101-9708287CA7FA}.Debug|Any CPU.Build.0 = Debug|Any CPU
		{49D9A0F4-0BE0-4024-8101-9708287CA7FA}.Release|Any CPU.ActiveCfg = Release|Any CPU
		{49D9A0F4-0BE0-4024-8101-9708287CA7FA}.Release|Any CPU.Build.0 = Release|Any CPU
		{9896C13E-8A04-4BDA-AABE-DBFC2643E950}.Debug|Any CPU.ActiveCfg = Debug|Any CPU
		{9896C13E-8A04-4BDA-AABE-DBFC2643E950}.Debug|Any CPU.Build.0 = Debug|Any CPU
		{9896C13E-8A04-4BDA-AABE-DBFC2643E950}.Release|Any CPU.ActiveCfg = Release|Any CPU
		{9896C13E-8A04-4BDA-AABE-DBFC2643E950}.Release|Any CPU.Build.0 = Release|Any CPU
		{8CCA1E5A-B92C-4FFA-96CA-5C38A6FE1D43}.Debug|Any CPU.ActiveCfg = Debug|Any CPU
		{8CCA1E5A-B92C-4FFA-96CA-5C38A6FE1D43}.Debug|Any CPU.Build.0 = Debug|Any CPU
		{8CCA1E5A-B92C-4FFA-96CA-5C38A6FE1D43}.Release|Any CPU.ActiveCfg = Release|Any CPU
		{8CCA1E5A-B92C-4FFA-96CA-5C38A6FE1D43}.Release|Any CPU.Build.0 = Release|Any CPU
		{B80BC1B4-AE11-4AAA-A5D2-7FE0D888DA31}.Debug|Any CPU.ActiveCfg = Debug|Any CPU
		{B80BC1B4-AE11-4AAA-A5D2-7FE0D888DA31}.Debug|Any CPU.Build.0 = Debug|Any CPU
		{B80BC1B4-AE11-4AAA-A5D2-7FE0D888DA31}.Release|Any CPU.ActiveCfg = Release|Any CPU
		{B80BC1B4-AE11-4AAA-A5D2-7FE0D888DA31}.Release|Any CPU.Build.0 = Release|Any CPU
		{840D92A1-9781-48CE-BB13-58C98BD0943D}.Debug|Any CPU.ActiveCfg = Debug|Any CPU
		{840D92A1-9781-48CE-BB13-58C98BD0943D}.Debug|Any CPU.Build.0 = Debug|Any CPU
		{840D92A1-9781-48CE-BB13-58C98BD0943D}.Release|Any CPU.ActiveCfg = Release|Any CPU
		{840D92A1-9781-48CE-BB13-58C98BD0943D}.Release|Any CPU.Build.0 = Release|Any CPU
		{939C3EBF-C97E-42D8-9D0F-D0B05DA7A180}.Debug|Any CPU.ActiveCfg = Debug|Any CPU
		{939C3EBF-C97E-42D8-9D0F-D0B05DA7A180}.Debug|Any CPU.Build.0 = Debug|Any CPU
		{939C3EBF-C97E-42D8-9D0F-D0B05DA7A180}.Release|Any CPU.ActiveCfg = Release|Any CPU
		{939C3EBF-C97E-42D8-9D0F-D0B05DA7A180}.Release|Any CPU.Build.0 = Release|Any CPU
	EndGlobalSection
	GlobalSection(SolutionProperties) = preSolution
		HideSolutionNode = FALSE
	EndGlobalSection
	GlobalSection(ExtensibilityGlobals) = postSolution
		SolutionGuid = {34D4C99D-1D8C-4CE5-900B-96AC7195C22B}
	EndGlobalSection
EndGlobal
