
Microsoft Visual Studio Solution File, Format Version 12.00
# Visual Studio Version 16
VisualStudioVersion = 16.0.31410.357
MinimumVisualStudioVersion = 10.0.40219.1
Project("{FAE04EC0-301F-11D3-BF4B-00C04F79EFBC}") = "8_9", "8_9\8_9.csproj", "{59A7088E-36F0-4265-B5D0-AC228506EC49}"
EndProject
Global
	GlobalSection(SolutionConfigurationPlatforms) = preSolution
		Debug|Any CPU = Debug|Any CPU
		Release|Any CPU = Release|Any CPU
	EndGlobalSection
	GlobalSection(ProjectConfigurationPlatforms) = postSolution
		{59A7088E-36F0-4265-B5D0-AC228506EC49}.Debug|Any CPU.ActiveCfg = Debug|Any CPU
		{59A7088E-36F0-4265-B5D0-AC228506EC49}.Debug|Any CPU.Build.0 = Debug|Any CPU
		{59A7088E-36F0-4265-B5D0-AC228506EC49}.Release|Any CPU.ActiveCfg = Release|Any CPU
		{59A7088E-36F0-4265-B5D0-AC228506EC49}.Release|Any CPU.Build.0 = Release|Any CPU
	EndGlobalSection
	GlobalSection(SolutionProperties) = preSolution
		HideSolutionNode = FALSE
	EndGlobalSection
	GlobalSection(ExtensibilityGlobals) = postSolution
		SolutionGuid = {0969BECC-15E5-46DC-90B9-10D176820158}
	EndGlobalSection
EndGlobal
